// !$*UTF8*$!
{
	archiveVersion = 1;
	classes = {
	};
	objectVersion = 56;
	objects = {

/* Begin PBXBuildFile section */
		6F84445A298827C200BA013C /* AppDelegate.swift in Sources */ = {isa = PBXBuildFile; fileRef = 6F844459298827C200BA013C /* AppDelegate.swift */; };
		6F84445C298827C200BA013C /* SceneDelegate.swift in Sources */ = {isa = PBXBuildFile; fileRef = 6F84445B298827C200BA013C /* SceneDelegate.swift */; };
		6F84445E298827C200BA013C /* ViewController.swift in Sources */ = {isa = PBXBuildFile; fileRef = 6F84445D298827C200BA013C /* ViewController.swift */; };
		6F844461298827C200BA013C /* Main.storyboard in Resources */ = {isa = PBXBuildFile; fileRef = 6F84445F298827C200BA013C /* Main.storyboard */; };
		6F844463298827C300BA013C /* Assets.xcassets in Resources */ = {isa = PBXBuildFile; fileRef = 6F844462298827C300BA013C /* Assets.xcassets */; };
		6F844466298827C300BA013C /* LaunchScreen.storyboard in Resources */ = {isa = PBXBuildFile; fileRef = 6F844464298827C300BA013C /* LaunchScreen.storyboard */; };
		6F8444782989000D00BA013C /* DeepLabV3Int8LUT.mlmodel in Sources */ = {isa = PBXBuildFile; fileRef = 6F8444772989000D00BA013C /* DeepLabV3Int8LUT.mlmodel */; };
		6F84447C2989002400BA013C /* DeepLabV3FP16.mlmodel in Sources */ = {isa = PBXBuildFile; fileRef = 6F84447B2989002400BA013C /* DeepLabV3FP16.mlmodel */; };
		6F84447E2989003000BA013C /* DeepLabV3.mlmodel in Sources */ = {isa = PBXBuildFile; fileRef = 6F84447D2989003000BA013C /* DeepLabV3.mlmodel */; settings = {ATTRIBUTES = (project_codegen, ); }; };
		6F8444942989144F00BA013C /* Array+Extensions.swift in Sources */ = {isa = PBXBuildFile; fileRef = 6F8444852989144F00BA013C /* Array+Extensions.swift */; };
		6F8444952989144F00BA013C /* Math.swift in Sources */ = {isa = PBXBuildFile; fileRef = 6F8444862989144F00BA013C /* Math.swift */; };
		6F8444962989144F00BA013C /* UIImage+CVPixelBuffer.swift in Sources */ = {isa = PBXBuildFile; fileRef = 6F8444872989144F00BA013C /* UIImage+CVPixelBuffer.swift */; };
		6F8444972989144F00BA013C /* Predictions.swift in Sources */ = {isa = PBXBuildFile; fileRef = 6F8444882989144F00BA013C /* Predictions.swift */; };
		6F8444982989144F00BA013C /* UIImage+Extensions.swift in Sources */ = {isa = PBXBuildFile; fileRef = 6F8444892989144F00BA013C /* UIImage+Extensions.swift */; };
		6F8444992989144F00BA013C /* CGImagePropertyOrientation.swift in Sources */ = {isa = PBXBuildFile; fileRef = 6F84448A2989144F00BA013C /* CGImagePropertyOrientation.swift */; };
		6F84449A2989144F00BA013C /* UIImage+RawBytes.swift in Sources */ = {isa = PBXBuildFile; fileRef = 6F84448B2989144F00BA013C /* UIImage+RawBytes.swift */; };
		6F84449B2989144F00BA013C /* MLMultiArray+Helpers.swift in Sources */ = {isa = PBXBuildFile; fileRef = 6F84448C2989144F00BA013C /* MLMultiArray+Helpers.swift */; };
		6F84449C2989144F00BA013C /* CVPixelBuffer+Helpers.swift in Sources */ = {isa = PBXBuildFile; fileRef = 6F84448D2989144F00BA013C /* CVPixelBuffer+Helpers.swift */; };
		6F84449D2989144F00BA013C /* MLModel+Images.swift in Sources */ = {isa = PBXBuildFile; fileRef = 6F84448E2989144F00BA013C /* MLModel+Images.swift */; };
		6F84449E2989144F00BA013C /* CoreML+Combine.swift in Sources */ = {isa = PBXBuildFile; fileRef = 6F84448F2989144F00BA013C /* CoreML+Combine.swift */; };
		6F84449F2989144F00BA013C /* CGImage+CVPixelBuffer.swift in Sources */ = {isa = PBXBuildFile; fileRef = 6F8444902989144F00BA013C /* CGImage+CVPixelBuffer.swift */; };
		6F8444A02989144F00BA013C /* NonMaxSuppression.swift in Sources */ = {isa = PBXBuildFile; fileRef = 6F8444912989144F00BA013C /* NonMaxSuppression.swift */; };
		6F8444A12989144F00BA013C /* CGImage+RawBytes.swift in Sources */ = {isa = PBXBuildFile; fileRef = 6F8444922989144F00BA013C /* CGImage+RawBytes.swift */; };
		6F8444A22989144F00BA013C /* MLMultiArray+Image.swift in Sources */ = {isa = PBXBuildFile; fileRef = 6F8444932989144F00BA013C /* MLMultiArray+Image.swift */; };
		6F8444A529895A0F00BA013C /* music.aac in Resources */ = {isa = PBXBuildFile; fileRef = 6F8444A42989597C00BA013C /* music.aac */; };
/* End PBXBuildFile section */

/* Begin PBXFileReference section */
		6F844456298827C200BA013C /* SemanticSegmentation.app */ = {isa = PBXFileReference; explicitFileType = wrapper.application; includeInIndex = 0; path = SemanticSegmentation.app; sourceTree = BUILT_PRODUCTS_DIR; };
		6F844459298827C200BA013C /* AppDelegate.swift */ = {isa = PBXFileReference; lastKnownFileType = sourcecode.swift; path = AppDelegate.swift; sourceTree = "<group>"; };
		6F84445B298827C200BA013C /* SceneDelegate.swift */ = {isa = PBXFileReference; lastKnownFileType = sourcecode.swift; path = SceneDelegate.swift; sourceTree = "<group>"; };
		6F84445D298827C200BA013C /* ViewController.swift */ = {isa = PBXFileReference; lastKnownFileType = sourcecode.swift; path = ViewController.swift; sourceTree = "<group>"; };
		6F844460298827C200BA013C /* Base */ = {isa = PBXFileReference; lastKnownFileType = file.storyboard; name = Base; path = Base.lproj/Main.storyboard; sourceTree = "<group>"; };
		6F844462298827C300BA013C /* Assets.xcassets */ = {isa = PBXFileReference; lastKnownFileType = folder.assetcatalog; path = Assets.xcassets; sourceTree = "<group>"; };
		6F844465298827C300BA013C /* Base */ = {isa = PBXFileReference; lastKnownFileType = file.storyboard; name = Base; path = Base.lproj/LaunchScreen.storyboard; sourceTree = "<group>"; };
		6F844467298827C300BA013C /* Info.plist */ = {isa = PBXFileReference; lastKnownFileType = text.plist.xml; path = Info.plist; sourceTree = "<group>"; };
		6F8444772989000D00BA013C /* DeepLabV3Int8LUT.mlmodel */ = {isa = PBXFileReference; lastKnownFileType = file.mlmodel; path = DeepLabV3Int8LUT.mlmodel; sourceTree = "<group>"; };
		6F84447B2989002400BA013C /* DeepLabV3FP16.mlmodel */ = {isa = PBXFileReference; lastKnownFileType = file.mlmodel; name = DeepLabV3FP16.mlmodel; path = ../../../../Downloads/DeepLabV3FP16.mlmodel; sourceTree = "<group>"; };
		6F84447D2989003000BA013C /* DeepLabV3.mlmodel */ = {isa = PBXFileReference; lastKnownFileType = file.mlmodel; path = DeepLabV3.mlmodel; sourceTree = "<group>"; };
		6F8444852989144F00BA013C /* Array+Extensions.swift */ = {isa = PBXFileReference; fileEncoding = 4; lastKnownFileType = sourcecode.swift; path = "Array+Extensions.swift"; sourceTree = "<group>"; };
		6F8444862989144F00BA013C /* Math.swift */ = {isa = PBXFileReference; fileEncoding = 4; lastKnownFileType = sourcecode.swift; path = Math.swift; sourceTree = "<group>"; };
		6F8444872989144F00BA013C /* UIImage+CVPixelBuffer.swift */ = {isa = PBXFileReference; fileEncoding = 4; lastKnownFileType = sourcecode.swift; path = "UIImage+CVPixelBuffer.swift"; sourceTree = "<group>"; };
		6F8444882989144F00BA013C /* Predictions.swift */ = {isa = PBXFileReference; fileEncoding = 4; lastKnownFileType = sourcecode.swift; path = Predictions.swift; sourceTree = "<group>"; };
		6F8444892989144F00BA013C /* UIImage+Extensions.swift */ = {isa = PBXFileReference; fileEncoding = 4; lastKnownFileType = sourcecode.swift; path = "UIImage+Extensions.swift"; sourceTree = "<group>"; };
		6F84448A2989144F00BA013C /* CGImagePropertyOrientation.swift */ = {isa = PBXFileReference; fileEncoding = 4; lastKnownFileType = sourcecode.swift; path = CGImagePropertyOrientation.swift; sourceTree = "<group>"; };
		6F84448B2989144F00BA013C /* UIImage+RawBytes.swift */ = {isa = PBXFileReference; fileEncoding = 4; lastKnownFileType = sourcecode.swift; path = "UIImage+RawBytes.swift"; sourceTree = "<group>"; };
		6F84448C2989144F00BA013C /* MLMultiArray+Helpers.swift */ = {isa = PBXFileReference; fileEncoding = 4; lastKnownFileType = sourcecode.swift; path = "MLMultiArray+Helpers.swift"; sourceTree = "<group>"; };
		6F84448D2989144F00BA013C /* CVPixelBuffer+Helpers.swift */ = {isa = PBXFileReference; fileEncoding = 4; lastKnownFileType = sourcecode.swift; path = "CVPixelBuffer+Helpers.swift"; sourceTree = "<group>"; };
		6F84448E2989144F00BA013C /* MLModel+Images.swift */ = {isa = PBXFileReference; fileEncoding = 4; lastKnownFileType = sourcecode.swift; path = "MLModel+Images.swift"; sourceTree = "<group>"; };
		6F84448F2989144F00BA013C /* CoreML+Combine.swift */ = {isa = PBXFileReference; fileEncoding = 4; lastKnownFileType = sourcecode.swift; path = "CoreML+Combine.swift"; sourceTree = "<group>"; };
		6F8444902989144F00BA013C /* CGImage+CVPixelBuffer.swift */ = {isa = PBXFileReference; fileEncoding = 4; lastKnownFileType = sourcecode.swift; path = "CGImage+CVPixelBuffer.swift"; sourceTree = "<group>"; };
		6F8444912989144F00BA013C /* NonMaxSuppression.swift */ = {isa = PBXFileReference; fileEncoding = 4; lastKnownFileType = sourcecode.swift; path = NonMaxSuppression.swift; sourceTree = "<group>"; };
		6F8444922989144F00BA013C /* CGImage+RawBytes.swift */ = {isa = PBXFileReference; fileEncoding = 4; lastKnownFileType = sourcecode.swift; path = "CGImage+RawBytes.swift"; sourceTree = "<group>"; };
		6F8444932989144F00BA013C /* MLMultiArray+Image.swift */ = {isa = PBXFileReference; fileEncoding = 4; lastKnownFileType = sourcecode.swift; path = "MLMultiArray+Image.swift"; sourceTree = "<group>"; };
		6F8444A42989597C00BA013C /* music.aac */ = {isa = PBXFileReference; lastKnownFileType = file; path = music.aac; sourceTree = "<group>"; };
/* End PBXFileReference section */

/* Begin PBXFrameworksBuildPhase section */
		6F844453298827C200BA013C /* Frameworks */ = {
			isa = PBXFrameworksBuildPhase;
			buildActionMask = 2147483647;
			files = (
			);
			runOnlyForDeploymentPostprocessing = 0;
		};
/* End PBXFrameworksBuildPhase section */

/* Begin PBXGroup section */
		6F84444D298827C200BA013C = {
			isa = PBXGroup;
			children = (
				6F844458298827C200BA013C /* SemanticSegmentation */,
				6F844457298827C200BA013C /* Products */,
			);
			sourceTree = "<group>";
		};
		6F844457298827C200BA013C /* Products */ = {
			isa = PBXGroup;
			children = (
				6F844456298827C200BA013C /* SemanticSegmentation.app */,
			);
			name = Products;
			sourceTree = "<group>";
		};
		6F844458298827C200BA013C /* SemanticSegmentation */ = {
			isa = PBXGroup;
			children = (
				6F8444A32989596C00BA013C /* Music */,
				6F8444832989144F00BA013C /* Library */,
				6F84446D298827D000BA013C /* MLmodel */,
				6F844459298827C200BA013C /* AppDelegate.swift */,
				6F84445B298827C200BA013C /* SceneDelegate.swift */,
				6F84445D298827C200BA013C /* ViewController.swift */,
				6F84445F298827C200BA013C /* Main.storyboard */,
				6F844462298827C300BA013C /* Assets.xcassets */,
				6F844464298827C300BA013C /* LaunchScreen.storyboard */,
				6F844467298827C300BA013C /* Info.plist */,
			);
			path = SemanticSegmentation;
			sourceTree = "<group>";
		};
		6F84446D298827D000BA013C /* MLmodel */ = {
			isa = PBXGroup;
			children = (
				6F84447D2989003000BA013C /* DeepLabV3.mlmodel */,
				6F84447B2989002400BA013C /* DeepLabV3FP16.mlmodel */,
				6F8444772989000D00BA013C /* DeepLabV3Int8LUT.mlmodel */,
			);
			path = MLmodel;
			sourceTree = "<group>";
		};
		6F8444832989144F00BA013C /* Library */ = {
			isa = PBXGroup;
			children = (
				6F8444842989144F00BA013C /* CoreMLHelpers */,
			);
			path = Library;
			sourceTree = "<group>";
		};
		6F8444842989144F00BA013C /* CoreMLHelpers */ = {
			isa = PBXGroup;
			children = (
				6F8444852989144F00BA013C /* Array+Extensions.swift */,
				6F8444862989144F00BA013C /* Math.swift */,
				6F8444872989144F00BA013C /* UIImage+CVPixelBuffer.swift */,
				6F8444882989144F00BA013C /* Predictions.swift */,
				6F8444892989144F00BA013C /* UIImage+Extensions.swift */,
				6F84448A2989144F00BA013C /* CGImagePropertyOrientation.swift */,
				6F84448B2989144F00BA013C /* UIImage+RawBytes.swift */,
				6F84448C2989144F00BA013C /* MLMultiArray+Helpers.swift */,
				6F84448D2989144F00BA013C /* CVPixelBuffer+Helpers.swift */,
				6F84448E2989144F00BA013C /* MLModel+Images.swift */,
				6F84448F2989144F00BA013C /* CoreML+Combine.swift */,
				6F8444902989144F00BA013C /* CGImage+CVPixelBuffer.swift */,
				6F8444912989144F00BA013C /* NonMaxSuppression.swift */,
				6F8444922989144F00BA013C /* CGImage+RawBytes.swift */,
				6F8444932989144F00BA013C /* MLMultiArray+Image.swift */,
			);
			path = CoreMLHelpers;
			sourceTree = "<group>";
		};
		6F8444A32989596C00BA013C /* Music */ = {
			isa = PBXGroup;
			children = (
				6F8444A42989597C00BA013C /* music.aac */,
			);
			path = Music;
			sourceTree = "<group>";
		};
/* End PBXGroup section */

/* Begin PBXNativeTarget section */
		6F844455298827C200BA013C /* SemanticSegmentation */ = {
			isa = PBXNativeTarget;
			buildConfigurationList = 6F84446A298827C300BA013C /* Build configuration list for PBXNativeTarget "SemanticSegmentation" */;
			buildPhases = (
				6F844452298827C200BA013C /* Sources */,
				6F844453298827C200BA013C /* Frameworks */,
				6F844454298827C200BA013C /* Resources */,
			);
			buildRules = (
			);
			dependencies = (
			);
			name = SemanticSegmentation;
			productName = SemanticSegmentation;
			productReference = 6F844456298827C200BA013C /* SemanticSegmentation.app */;
			productType = "com.apple.product-type.application";
		};
/* End PBXNativeTarget section */

/* Begin PBXProject section */
		6F84444E298827C200BA013C /* Project object */ = {
			isa = PBXProject;
			attributes = {
				BuildIndependentTargetsInParallel = 1;
				LastSwiftUpdateCheck = 1420;
				LastUpgradeCheck = 1420;
				TargetAttributes = {
					6F844455298827C200BA013C = {
						CreatedOnToolsVersion = 14.2;
					};
				};
			};
			buildConfigurationList = 6F844451298827C200BA013C /* Build configuration list for PBXProject "SemanticSegmentation" */;
			compatibilityVersion = "Xcode 14.0";
			developmentRegion = en;
			hasScannedForEncodings = 0;
			knownRegions = (
				en,
				Base,
			);
			mainGroup = 6F84444D298827C200BA013C;
			productRefGroup = 6F844457298827C200BA013C /* Products */;
			projectDirPath = "";
			projectRoot = "";
			targets = (
				6F844455298827C200BA013C /* SemanticSegmentation */,
			);
		};
/* End PBXProject section */

/* Begin PBXResourcesBuildPhase section */
		6F844454298827C200BA013C /* Resources */ = {
			isa = PBXResourcesBuildPhase;
			buildActionMask = 2147483647;
			files = (
				6F8444A529895A0F00BA013C /* music.aac in Resources */,
				6F844466298827C300BA013C /* LaunchScreen.storyboard in Resources */,
				6F844463298827C300BA013C /* Assets.xcassets in Resources */,
				6F844461298827C200BA013C /* Main.storyboard in Resources */,
			);
			runOnlyForDeploymentPostprocessing = 0;
		};
/* End PBXResourcesBuildPhase section */

/* Begin PBXSourcesBuildPhase section */
		6F844452298827C200BA013C /* Sources */ = {
			isa = PBXSourcesBuildPhase;
			buildActionMask = 2147483647;
			files = (
				6F84449E2989144F00BA013C /* CoreML+Combine.swift in Sources */,
				6F84449B2989144F00BA013C /* MLMultiArray+Helpers.swift in Sources */,
				6F84449A2989144F00BA013C /* UIImage+RawBytes.swift in Sources */,
				6F84449F2989144F00BA013C /* CGImage+CVPixelBuffer.swift in Sources */,
				6F8444972989144F00BA013C /* Predictions.swift in Sources */,
				6F84447C2989002400BA013C /* DeepLabV3FP16.mlmodel in Sources */,
				6F84445E298827C200BA013C /* ViewController.swift in Sources */,
				6F84445A298827C200BA013C /* AppDelegate.swift in Sources */,
				6F8444A02989144F00BA013C /* NonMaxSuppression.swift in Sources */,
				6F84449C2989144F00BA013C /* CVPixelBuffer+Helpers.swift in Sources */,
				6F8444A12989144F00BA013C /* CGImage+RawBytes.swift in Sources */,
				6F8444982989144F00BA013C /* UIImage+Extensions.swift in Sources */,
				6F8444942989144F00BA013C /* Array+Extensions.swift in Sources */,
				6F8444782989000D00BA013C /* DeepLabV3Int8LUT.mlmodel in Sources */,
				6F84449D2989144F00BA013C /* MLModel+Images.swift in Sources */,
				6F84445C298827C200BA013C /* SceneDelegate.swift in Sources */,
				6F84447E2989003000BA013C /* DeepLabV3.mlmodel in Sources */,
				6F8444A22989144F00BA013C /* MLMultiArray+Image.swift in Sources */,
				6F8444962989144F00BA013C /* UIImage+CVPixelBuffer.swift in Sources */,
				6F8444992989144F00BA013C /* CGImagePropertyOrientation.swift in Sources */,
				6F8444952989144F00BA013C /* Math.swift in Sources */,
			);
			runOnlyForDeploymentPostprocessing = 0;
		};
/* End PBXSourcesBuildPhase section */

/* Begin PBXVariantGroup section */
		6F84445F298827C200BA013C /* Main.storyboard */ = {
			isa = PBXVariantGroup;
			children = (
				6F844460298827C200BA013C /* Base */,
			);
			name = Main.storyboard;
			sourceTree = "<group>";
		};
		6F844464298827C300BA013C /* LaunchScreen.storyboard */ = {
			isa = PBXVariantGroup;
			children = (
				6F844465298827C300BA013C /* Base */,
			);
			name = LaunchScreen.storyboard;
			sourceTree = "<group>";
		};
/* End PBXVariantGroup section */

/* Begin XCBuildConfiguration section */
		6F844468298827C300BA013C /* Debug */ = {
			isa = XCBuildConfiguration;
			buildSettings = {
				ALWAYS_SEARCH_USER_PATHS = NO;
				CLANG_ANALYZER_NONNULL = YES;
				CLANG_ANALYZER_NUMBER_OBJECT_CONVERSION = YES_AGGRESSIVE;
				CLANG_CXX_LANGUAGE_STANDARD = "gnu++20";
				CLANG_ENABLE_MODULES = YES;
				CLANG_ENABLE_OBJC_ARC = YES;
				CLANG_ENABLE_OBJC_WEAK = YES;
				CLANG_WARN_BLOCK_CAPTURE_AUTORELEASING = YES;
				CLANG_WARN_BOOL_CONVERSION = YES;
				CLANG_WARN_COMMA = YES;
				CLANG_WARN_CONSTANT_CONVERSION = YES;
				CLANG_WARN_DEPRECATED_OBJC_IMPLEMENTATIONS = YES;
				CLANG_WARN_DIRECT_OBJC_ISA_USAGE = YES_ERROR;
				CLANG_WARN_DOCUMENTATION_COMMENTS = YES;
				CLANG_WARN_EMPTY_BODY = YES;
				CLANG_WARN_ENUM_CONVERSION = YES;
				CLANG_WARN_INFINITE_RECURSION = YES;
				CLANG_WARN_INT_CONVERSION = YES;
				CLANG_WARN_NON_LITERAL_NULL_CONVERSION = YES;
				CLANG_WARN_OBJC_IMPLICIT_RETAIN_SELF = YES;
				CLANG_WARN_OBJC_LITERAL_CONVERSION = YES;
				CLANG_WARN_OBJC_ROOT_CLASS = YES_ERROR;
				CLANG_WARN_QUOTED_INCLUDE_IN_FRAMEWORK_HEADER = YES;
				CLANG_WARN_RANGE_LOOP_ANALYSIS = YES;
				CLANG_WARN_STRICT_PROTOTYPES = YES;
				CLANG_WARN_SUSPICIOUS_MOVE = YES;
				CLANG_WARN_UNGUARDED_AVAILABILITY = YES_AGGRESSIVE;
				CLANG_WARN_UNREACHABLE_CODE = YES;
				CLANG_WARN__DUPLICATE_METHOD_MATCH = YES;
				COPY_PHASE_STRIP = NO;
				DEBUG_INFORMATION_FORMAT = dwarf;
				ENABLE_STRICT_OBJC_MSGSEND = YES;
				ENABLE_TESTABILITY = YES;
				GCC_C_LANGUAGE_STANDARD = gnu11;
				GCC_DYNAMIC_NO_PIC = NO;
				GCC_NO_COMMON_BLOCKS = YES;
				GCC_OPTIMIZATION_LEVEL = 0;
				GCC_PREPROCESSOR_DEFINITIONS = (
					"DEBUG=1",
					"$(inherited)",
				);
				GCC_WARN_64_TO_32_BIT_CONVERSION = YES;
				GCC_WARN_ABOUT_RETURN_TYPE = YES_ERROR;
				GCC_WARN_UNDECLARED_SELECTOR = YES;
				GCC_WARN_UNINITIALIZED_AUTOS = YES_AGGRESSIVE;
				GCC_WARN_UNUSED_FUNCTION = YES;
				GCC_WARN_UNUSED_VARIABLE = YES;
				IPHONEOS_DEPLOYMENT_TARGET = 16.2;
				MTL_ENABLE_DEBUG_INFO = INCLUDE_SOURCE;
				MTL_FAST_MATH = YES;
				ONLY_ACTIVE_ARCH = YES;
				SDKROOT = iphoneos;
				SWIFT_ACTIVE_COMPILATION_CONDITIONS = DEBUG;
				SWIFT_OPTIMIZATION_LEVEL = "-Onone";
			};
			name = Debug;
		};
		6F844469298827C300BA013C /* Release */ = {
			isa = XCBuildConfiguration;
			buildSettings = {
				ALWAYS_SEARCH_USER_PATHS = NO;
				CLANG_ANALYZER_NONNULL = YES;
				CLANG_ANALYZER_NUMBER_OBJECT_CONVERSION = YES_AGGRESSIVE;
				CLANG_CXX_LANGUAGE_STANDARD = "gnu++20";
				CLANG_ENABLE_MODULES = YES;
				CLANG_ENABLE_OBJC_ARC = YES;
				CLANG_ENABLE_OBJC_WEAK = YES;
				CLANG_WARN_BLOCK_CAPTURE_AUTORELEASING = YES;
				CLANG_WARN_BOOL_CONVERSION = YES;
				CLANG_WARN_COMMA = YES;
				CLANG_WARN_CONSTANT_CONVERSION = YES;
				CLANG_WARN_DEPRECATED_OBJC_IMPLEMENTATIONS = YES;
				CLANG_WARN_DIRECT_OBJC_ISA_USAGE = YES_ERROR;
				CLANG_WARN_DOCUMENTATION_COMMENTS = YES;
				CLANG_WARN_EMPTY_BODY = YES;
				CLANG_WARN_ENUM_CONVERSION = YES;
				CLANG_WARN_INFINITE_RECURSION = YES;
				CLANG_WARN_INT_CONVERSION = YES;
				CLANG_WARN_NON_LITERAL_NULL_CONVERSION = YES;
				CLANG_WARN_OBJC_IMPLICIT_RETAIN_SELF = YES;
				CLANG_WARN_OBJC_LITERAL_CONVERSION = YES;
				CLANG_WARN_OBJC_ROOT_CLASS = YES_ERROR;
				CLANG_WARN_QUOTED_INCLUDE_IN_FRAMEWORK_HEADER = YES;
				CLANG_WARN_RANGE_LOOP_ANALYSIS = YES;
				CLANG_WARN_STRICT_PROTOTYPES = YES;
				CLANG_WARN_SUSPICIOUS_MOVE = YES;
				CLANG_WARN_UNGUARDED_AVAILABILITY = YES_AGGRESSIVE;
				CLANG_WARN_UNREACHABLE_CODE = YES;
				CLANG_WARN__DUPLICATE_METHOD_MATCH = YES;
				COPY_PHASE_STRIP = NO;
				DEBUG_INFORMATION_FORMAT = "dwarf-with-dsym";
				ENABLE_NS_ASSERTIONS = NO;
				ENABLE_STRICT_OBJC_MSGSEND = YES;
				GCC_C_LANGUAGE_STANDARD = gnu11;
				GCC_NO_COMMON_BLOCKS = YES;
				GCC_WARN_64_TO_32_BIT_CONVERSION = YES;
				GCC_WARN_ABOUT_RETURN_TYPE = YES_ERROR;
				GCC_WARN_UNDECLARED_SELECTOR = YES;
				GCC_WARN_UNINITIALIZED_AUTOS = YES_AGGRESSIVE;
				GCC_WARN_UNUSED_FUNCTION = YES;
				GCC_WARN_UNUSED_VARIABLE = YES;
				IPHONEOS_DEPLOYMENT_TARGET = 16.2;
				MTL_ENABLE_DEBUG_INFO = NO;
				MTL_FAST_MATH = YES;
				SDKROOT = iphoneos;
				SWIFT_COMPILATION_MODE = wholemodule;
				SWIFT_OPTIMIZATION_LEVEL = "-O";
				VALIDATE_PRODUCT = YES;
			};
			name = Release;
		};
		6F84446B298827C300BA013C /* Debug */ = {
			isa = XCBuildConfiguration;
			buildSettings = {
				ASSETCATALOG_COMPILER_APPICON_NAME = AppIcon;
				ASSETCATALOG_COMPILER_GLOBAL_ACCENT_COLOR_NAME = AccentColor;
				CODE_SIGN_STYLE = Automatic;
				CURRENT_PROJECT_VERSION = 1;
				DEVELOPMENT_TEAM = WQRJHG7W7C;
				GENERATE_INFOPLIST_FILE = YES;
				INFOPLIST_FILE = SemanticSegmentation/Info.plist;
				INFOPLIST_KEY_UIApplicationSupportsIndirectInputEvents = YES;
				INFOPLIST_KEY_UILaunchStoryboardName = LaunchScreen;
				INFOPLIST_KEY_UIMainStoryboardFile = Main;
				INFOPLIST_KEY_UISupportedInterfaceOrientations_iPad = "UIInterfaceOrientationPortrait UIInterfaceOrientationPortraitUpsideDown UIInterfaceOrientationLandscapeLeft UIInterfaceOrientationLandscapeRight";
				INFOPLIST_KEY_UISupportedInterfaceOrientations_iPhone = "UIInterfaceOrientationPortrait UIInterfaceOrientationLandscapeLeft UIInterfaceOrientationLandscapeRight";
				LD_RUNPATH_SEARCH_PATHS = (
					"$(inherited)",
					"@executable_path/Frameworks",
				);
				MARKETING_VERSION = 1.0;
				PRODUCT_BUNDLE_IDENTIFIER = TigranVilasyan.SemanticSegmentation;
				PRODUCT_NAME = "$(TARGET_NAME)";
				SWIFT_EMIT_LOC_STRINGS = YES;
				SWIFT_VERSION = 5.0;
				TARGETED_DEVICE_FAMILY = "1,2";
			};
			name = Debug;
		};
		6F84446C298827C300BA013C /* Release */ = {
			isa = XCBuildConfiguration;
			buildSettings = {
				ASSETCATALOG_COMPILER_APPICON_NAME = AppIcon;
				ASSETCATALOG_COMPILER_GLOBAL_ACCENT_COLOR_NAME = AccentColor;
				CODE_SIGN_STYLE = Automatic;
				CURRENT_PROJECT_VERSION = 1;
				DEVELOPMENT_TEAM = WQRJHG7W7C;
				GENERATE_INFOPLIST_FILE = YES;
				INFOPLIST_FILE = SemanticSegmentation/Info.plist;
				INFOPLIST_KEY_UIApplicationSupportsIndirectInputEvents = YES;
				INFOPLIST_KEY_UILaunchStoryboardName = LaunchScreen;
				INFOPLIST_KEY_UIMainStoryboardFile = Main;
				INFOPLIST_KEY_UISupportedInterfaceOrientations_iPad = "UIInterfaceOrientationPortrait UIInterfaceOrientationPortraitUpsideDown UIInterfaceOrientationLandscapeLeft UIInterfaceOrientationLandscapeRight";
				INFOPLIST_KEY_UISupportedInterfaceOrientations_iPhone = "UIInterfaceOrientationPortrait UIInterfaceOrientationLandscapeLeft UIInterfaceOrientationLandscapeRight";
				LD_RUNPATH_SEARCH_PATHS = (
					"$(inherited)",
					"@executable_path/Frameworks",
				);
				MARKETING_VERSION = 1.0;
				PRODUCT_BUNDLE_IDENTIFIER = TigranVilasyan.SemanticSegmentation;
				PRODUCT_NAME = "$(TARGET_NAME)";
				SWIFT_EMIT_LOC_STRINGS = YES;
				SWIFT_VERSION = 5.0;
				TARGETED_DEVICE_FAMILY = "1,2";
			};
			name = Release;
		};
/* End XCBuildConfiguration section */

/* Begin XCConfigurationList section */
		6F844451298827C200BA013C /* Build configuration list for PBXProject "SemanticSegmentation" */ = {
			isa = XCConfigurationList;
			buildConfigurations = (
				6F844468298827C300BA013C /* Debug */,
				6F844469298827C300BA013C /* Release */,
			);
			defaultConfigurationIsVisible = 0;
			defaultConfigurationName = Release;
		};
		6F84446A298827C300BA013C /* Build configuration list for PBXNativeTarget "SemanticSegmentation" */ = {
			isa = XCConfigurationList;
			buildConfigurations = (
				6F84446B298827C300BA013C /* Debug */,
				6F84446C298827C300BA013C /* Release */,
			);
			defaultConfigurationIsVisible = 0;
			defaultConfigurationName = Release;
		};
/* End XCConfigurationList section */
	};
	rootObject = 6F84444E298827C200BA013C /* Project object */;
}
